// !$*UTF8*$!
{
	archiveVersion = 1;
	classes = {
	};
	objectVersion = 50;
	objects = {

/* Begin PBXBuildFile section */
		7B02200C218A0EB20040E1E9 /* SubcribeViewController.swift in Sources */ = {isa = PBXBuildFile; fileRef = 7B02200B218A0EB20040E1E9 /* SubcribeViewController.swift */; };
		7B02200E218A0F3C0040E1E9 /* SettingsScreenController.swift in Sources */ = {isa = PBXBuildFile; fileRef = 7B02200D218A0F3C0040E1E9 /* SettingsScreenController.swift */; };
		7B022010218A123B0040E1E9 /* MyProfileViewController.swift in Sources */ = {isa = PBXBuildFile; fileRef = 7B02200F218A123B0040E1E9 /* MyProfileViewController.swift */; };
		7B03DEFA219C823A00C9A6E5 /* DetailMovieScreen.swift in Sources */ = {isa = PBXBuildFile; fileRef = 7B03DEF9219C823A00C9A6E5 /* DetailMovieScreen.swift */; };
		7B261F1A218C8E7B00ED5653 /* DataModel.swift in Sources */ = {isa = PBXBuildFile; fileRef = 7B261F19218C8E7B00ED5653 /* DataModel.swift */; };
		7B4D159921947D140084E4F7 /* Company.swift in Sources */ = {isa = PBXBuildFile; fileRef = 7B4D159821947D140084E4F7 /* Company.swift */; };
		7B52A1A7217B2860001028D8 /* AppDelegate.swift in Sources */ = {isa = PBXBuildFile; fileRef = 7B52A1A6217B2860001028D8 /* AppDelegate.swift */; };
		7B52A1AE217B2861001028D8 /* Assets.xcassets in Resources */ = {isa = PBXBuildFile; fileRef = 7B52A1AD217B2861001028D8 /* Assets.xcassets */; };
		7B52A1B1217B2861001028D8 /* LaunchScreen.storyboard in Resources */ = {isa = PBXBuildFile; fileRef = 7B52A1AF217B2861001028D8 /* LaunchScreen.storyboard */; };
		7B5A78B221825AF300A7218E /* TapBarContoller.swift in Sources */ = {isa = PBXBuildFile; fileRef = 7B5A78B121825AF300A7218E /* TapBarContoller.swift */; };
		7B5A78B4218264C900A7218E /* VideoTableViewController.swift in Sources */ = {isa = PBXBuildFile; fileRef = 7B5A78B3218264C900A7218E /* VideoTableViewController.swift */; };
		7BB9D68E218345A3003B1910 /* TVViewController.swift in Sources */ = {isa = PBXBuildFile; fileRef = 7BB9D68D218345A3003B1910 /* TVViewController.swift */; };
		7BB9D6922183489B003B1910 /* VideoTableViewCell.swift in Sources */ = {isa = PBXBuildFile; fileRef = 7BB9D6912183489B003B1910 /* VideoTableViewCell.swift */; };
		7BB9D6952184C1F9003B1910 /* VideoCollectionViewCell.swift in Sources */ = {isa = PBXBuildFile; fileRef = 7BB9D6942184C1F9003B1910 /* VideoCollectionViewCell.swift */; };
		7BBBBC4821931D73000F544F /* Result.swift in Sources */ = {isa = PBXBuildFile; fileRef = 7BBBBC4721931D73000F544F /* Result.swift */; };
		7BCC665D218DFE9E00BA1CB1 /* NetWorker.swift in Sources */ = {isa = PBXBuildFile; fileRef = 7BCC665C218DFE9E00BA1CB1 /* NetWorker.swift */; };
		7BCC665F218DFEF400BA1CB1 /* Global.swift in Sources */ = {isa = PBXBuildFile; fileRef = 7BCC665E218DFEF400BA1CB1 /* Global.swift */; };
/* End PBXBuildFile section */

/* Begin PBXFileReference section */
		7B02200B218A0EB20040E1E9 /* SubcribeViewController.swift */ = {isa = PBXFileReference; lastKnownFileType = sourcecode.swift; path = SubcribeViewController.swift; sourceTree = "<group>"; };
		7B02200D218A0F3C0040E1E9 /* SettingsScreenController.swift */ = {isa = PBXFileReference; lastKnownFileType = sourcecode.swift; path = SettingsScreenController.swift; sourceTree = "<group>"; };
		7B02200F218A123B0040E1E9 /* MyProfileViewController.swift */ = {isa = PBXFileReference; lastKnownFileType = sourcecode.swift; path = MyProfileViewController.swift; sourceTree = "<group>"; };
		7B03DEF9219C823A00C9A6E5 /* DetailMovieScreen.swift */ = {isa = PBXFileReference; lastKnownFileType = sourcecode.swift; path = DetailMovieScreen.swift; sourceTree = "<group>"; };
		7B261F19218C8E7B00ED5653 /* DataModel.swift */ = {isa = PBXFileReference; lastKnownFileType = sourcecode.swift; path = DataModel.swift; sourceTree = "<group>"; };
		7B4D159821947D140084E4F7 /* Company.swift */ = {isa = PBXFileReference; lastKnownFileType = sourcecode.swift; path = Company.swift; sourceTree = "<group>"; };
		7B52A1A3217B2860001028D8 /* TVOnline.app */ = {isa = PBXFileReference; explicitFileType = wrapper.application; includeInIndex = 0; path = TVOnline.app; sourceTree = BUILT_PRODUCTS_DIR; };
		7B52A1A6217B2860001028D8 /* AppDelegate.swift */ = {isa = PBXFileReference; lastKnownFileType = sourcecode.swift; path = AppDelegate.swift; sourceTree = "<group>"; };
		7B52A1AD217B2861001028D8 /* Assets.xcassets */ = {isa = PBXFileReference; lastKnownFileType = folder.assetcatalog; path = Assets.xcassets; sourceTree = "<group>"; };
		7B52A1B0217B2861001028D8 /* Base */ = {isa = PBXFileReference; lastKnownFileType = file.storyboard; name = Base; path = Base.lproj/LaunchScreen.storyboard; sourceTree = "<group>"; };
		7B52A1B2217B2861001028D8 /* Info.plist */ = {isa = PBXFileReference; lastKnownFileType = text.plist.xml; path = Info.plist; sourceTree = "<group>"; };
		7B5A78B121825AF300A7218E /* TapBarContoller.swift */ = {isa = PBXFileReference; lastKnownFileType = sourcecode.swift; path = TapBarContoller.swift; sourceTree = "<group>"; };
		7B5A78B3218264C900A7218E /* VideoTableViewController.swift */ = {isa = PBXFileReference; lastKnownFileType = sourcecode.swift; path = VideoTableViewController.swift; sourceTree = "<group>"; };
		7BB9D68D218345A3003B1910 /* TVViewController.swift */ = {isa = PBXFileReference; lastKnownFileType = sourcecode.swift; path = TVViewController.swift; sourceTree = "<group>"; };
		7BB9D6912183489B003B1910 /* VideoTableViewCell.swift */ = {isa = PBXFileReference; lastKnownFileType = sourcecode.swift; path = VideoTableViewCell.swift; sourceTree = "<group>"; };
		7BB9D6942184C1F9003B1910 /* VideoCollectionViewCell.swift */ = {isa = PBXFileReference; lastKnownFileType = sourcecode.swift; path = VideoCollectionViewCell.swift; sourceTree = "<group>"; };
		7BBBBC4721931D73000F544F /* Result.swift */ = {isa = PBXFileReference; lastKnownFileType = sourcecode.swift; path = Result.swift; sourceTree = "<group>"; };
		7BCC665C218DFE9E00BA1CB1 /* NetWorker.swift */ = {isa = PBXFileReference; lastKnownFileType = sourcecode.swift; path = NetWorker.swift; sourceTree = "<group>"; };
		7BCC665E218DFEF400BA1CB1 /* Global.swift */ = {isa = PBXFileReference; lastKnownFileType = sourcecode.swift; path = Global.swift; sourceTree = "<group>"; };
/* End PBXFileReference section */

/* Begin PBXFrameworksBuildPhase section */
		7B52A1A0217B2860001028D8 /* Frameworks */ = {
			isa = PBXFrameworksBuildPhase;
			buildActionMask = 2147483647;
			files = (
			);
			runOnlyForDeploymentPostprocessing = 0;
		};
/* End PBXFrameworksBuildPhase section */

/* Begin PBXGroup section */
		7B03DEFB219C827300C9A6E5 /* VideoTableViewCell's */ = {
			isa = PBXGroup;
			children = (
				7BB9D6912183489B003B1910 /* VideoTableViewCell.swift */,
				7BB9D6942184C1F9003B1910 /* VideoCollectionViewCell.swift */,
			);
			path = "VideoTableViewCell's";
			sourceTree = "<group>";
		};
		7B03DEFC219C828C00C9A6E5 /* DetailMovieCell */ = {
			isa = PBXGroup;
			children = (
			);
			path = DetailMovieCell;
			sourceTree = "<group>";
		};
		7B2133F5218F358200DFC5B5 /* Net Manager */ = {
			isa = PBXGroup;
			children = (
				7BCC665C218DFE9E00BA1CB1 /* NetWorker.swift */,
			);
			path = "Net Manager";
			sourceTree = "<group>";
		};
		7B2133F6218F35A500DFC5B5 /* Global */ = {
			isa = PBXGroup;
			children = (
				7BCC665E218DFEF400BA1CB1 /* Global.swift */,
			);
			path = Global;
			sourceTree = "<group>";
		};
		7B261F1B218C8E8400ED5653 /* Model */ = {
			isa = PBXGroup;
			children = (
				7B261F19218C8E7B00ED5653 /* DataModel.swift */,
				7BBBBC4721931D73000F544F /* Result.swift */,
				7B4D159821947D140084E4F7 /* Company.swift */,
			);
			path = Model;
			sourceTree = "<group>";
		};
		7B52A19A217B2860001028D8 = {
			isa = PBXGroup;
			children = (
				7B52A1A5217B2860001028D8 /* TVOnline */,
				7B52A1A4217B2860001028D8 /* Products */,
			);
			sourceTree = "<group>";
		};
		7B52A1A4217B2860001028D8 /* Products */ = {
			isa = PBXGroup;
			children = (
				7B52A1A3217B2860001028D8 /* TVOnline.app */,
			);
			name = Products;
			sourceTree = "<group>";
		};
		7B52A1A5217B2860001028D8 /* TVOnline */ = {
			isa = PBXGroup;
			children = (
				7B52A1A6217B2860001028D8 /* AppDelegate.swift */,
				7B2133F6218F35A500DFC5B5 /* Global */,
				7B261F1B218C8E8400ED5653 /* Model */,
				7BB9D690218346EB003B1910 /* Main Controller */,
				7BB9D68F218346DC003B1910 /* Screens */,
				7BB9D693218348A4003B1910 /* Cells */,
				7B2133F5218F358200DFC5B5 /* Net Manager */,
				7B52A1AD217B2861001028D8 /* Assets.xcassets */,
				7B52A1AF217B2861001028D8 /* LaunchScreen.storyboard */,
				7B52A1B2217B2861001028D8 /* Info.plist */,
			);
			path = TVOnline;
			sourceTree = "<group>";
		};
		7BB9D68F218346DC003B1910 /* Screens */ = {
			isa = PBXGroup;
			children = (
				7BB9D68D218345A3003B1910 /* TVViewController.swift */,
				7B5A78B3218264C900A7218E /* VideoTableViewController.swift */,
				7B02200B218A0EB20040E1E9 /* SubcribeViewController.swift */,
				7B02200D218A0F3C0040E1E9 /* SettingsScreenController.swift */,
				7B02200F218A123B0040E1E9 /* MyProfileViewController.swift */,
				7B03DEF9219C823A00C9A6E5 /* DetailMovieScreen.swift */,
			);
			path = Screens;
			sourceTree = "<group>";
		};
		7BB9D690218346EB003B1910 /* Main Controller */ = {
			isa = PBXGroup;
			children = (
				7B5A78B121825AF300A7218E /* TapBarContoller.swift */,
			);
			path = "Main Controller";
			sourceTree = "<group>";
		};
		7BB9D693218348A4003B1910 /* Cells */ = {
			isa = PBXGroup;
			children = (
				7B03DEFC219C828C00C9A6E5 /* DetailMovieCell */,
				7B03DEFB219C827300C9A6E5 /* VideoTableViewCell's */,
			);
			path = Cells;
			sourceTree = "<group>";
		};
/* End PBXGroup section */

/* Begin PBXNativeTarget section */
		7B52A1A2217B2860001028D8 /* TVOnline */ = {
			isa = PBXNativeTarget;
			buildConfigurationList = 7B52A1B5217B2861001028D8 /* Build configuration list for PBXNativeTarget "TVOnline" */;
			buildPhases = (
				7B52A19F217B2860001028D8 /* Sources */,
				7B52A1A0217B2860001028D8 /* Frameworks */,
				7B52A1A1217B2860001028D8 /* Resources */,
			);
			buildRules = (
			);
			dependencies = (
			);
			name = TVOnline;
			productName = TVOnline;
			productReference = 7B52A1A3217B2860001028D8 /* TVOnline.app */;
			productType = "com.apple.product-type.application";
		};
/* End PBXNativeTarget section */

/* Begin PBXProject section */
		7B52A19B217B2860001028D8 /* Project object */ = {
			isa = PBXProject;
			attributes = {
				LastSwiftUpdateCheck = 1000;
				LastUpgradeCheck = 1000;
				ORGANIZATIONNAME = "Nugumanov Dmitry";
				TargetAttributes = {
					7B52A1A2217B2860001028D8 = {
						CreatedOnToolsVersion = 10.0;
					};
				};
			};
			buildConfigurationList = 7B52A19E217B2860001028D8 /* Build configuration list for PBXProject "TVOnline" */;
			compatibilityVersion = "Xcode 9.3";
			developmentRegion = en;
			hasScannedForEncodings = 0;
			knownRegions = (
				en,
				Base,
			);
			mainGroup = 7B52A19A217B2860001028D8;
			productRefGroup = 7B52A1A4217B2860001028D8 /* Products */;
			projectDirPath = "";
			projectRoot = "";
			targets = (
				7B52A1A2217B2860001028D8 /* TVOnline */,
			);
		};
/* End PBXProject section */

/* Begin PBXResourcesBuildPhase section */
		7B52A1A1217B2860001028D8 /* Resources */ = {
			isa = PBXResourcesBuildPhase;
			buildActionMask = 2147483647;
			files = (
				7B52A1B1217B2861001028D8 /* LaunchScreen.storyboard in Resources */,
				7B52A1AE217B2861001028D8 /* Assets.xcassets in Resources */,
			);
			runOnlyForDeploymentPostprocessing = 0;
		};
/* End PBXResourcesBuildPhase section */

/* Begin PBXSourcesBuildPhase section */
		7B52A19F217B2860001028D8 /* Sources */ = {
			isa = PBXSourcesBuildPhase;
			buildActionMask = 2147483647;
			files = (
				7BCC665D218DFE9E00BA1CB1 /* NetWorker.swift in Sources */,
				7BBBBC4821931D73000F544F /* Result.swift in Sources */,
				7BB9D6922183489B003B1910 /* VideoTableViewCell.swift in Sources */,
				7B03DEFA219C823A00C9A6E5 /* DetailMovieScreen.swift in Sources */,
				7B5A78B221825AF300A7218E /* TapBarContoller.swift in Sources */,
				7B02200C218A0EB20040E1E9 /* SubcribeViewController.swift in Sources */,
				7B022010218A123B0040E1E9 /* MyProfileViewController.swift in Sources */,
				7BB9D6952184C1F9003B1910 /* VideoCollectionViewCell.swift in Sources */,
				7B261F1A218C8E7B00ED5653 /* DataModel.swift in Sources */,
				7B5A78B4218264C900A7218E /* VideoTableViewController.swift in Sources */,
				7BCC665F218DFEF400BA1CB1 /* Global.swift in Sources */,
				7BB9D68E218345A3003B1910 /* TVViewController.swift in Sources */,
				7B4D159921947D140084E4F7 /* Company.swift in Sources */,
				7B02200E218A0F3C0040E1E9 /* SettingsScreenController.swift in Sources */,
				7B52A1A7217B2860001028D8 /* AppDelegate.swift in Sources */,
			);
			runOnlyForDeploymentPostprocessing = 0;
		};
/* End PBXSourcesBuildPhase section */

/* Begin PBXVariantGroup section */
		7B52A1AF217B2861001028D8 /* LaunchScreen.storyboard */ = {
			isa = PBXVariantGroup;
			children = (
				7B52A1B0217B2861001028D8 /* Base */,
			);
			name = LaunchScreen.storyboard;
			sourceTree = "<group>";
		};
/* End PBXVariantGroup section */

/* Begin XCBuildConfiguration section */
		7B52A1B3217B2861001028D8 /* Debug */ = {
			isa = XCBuildConfiguration;
			buildSettings = {
				ALWAYS_SEARCH_USER_PATHS = NO;
				CLANG_ANALYZER_NONNULL = YES;
				CLANG_ANALYZER_NUMBER_OBJECT_CONVERSION = YES_AGGRESSIVE;
				CLANG_CXX_LANGUAGE_STANDARD = "gnu++14";
				CLANG_CXX_LIBRARY = "libc++";
				CLANG_ENABLE_MODULES = YES;
				CLANG_ENABLE_OBJC_ARC = YES;
				CLANG_ENABLE_OBJC_WEAK = YES;
				CLANG_WARN_BLOCK_CAPTURE_AUTORELEASING = YES;
				CLANG_WARN_BOOL_CONVERSION = YES;
				CLANG_WARN_COMMA = YES;
				CLANG_WARN_CONSTANT_CONVERSION = YES;
				CLANG_WARN_DEPRECATED_OBJC_IMPLEMENTATIONS = YES;
				CLANG_WARN_DIRECT_OBJC_ISA_USAGE = YES_ERROR;
				CLANG_WARN_DOCUMENTATION_COMMENTS = YES;
				CLANG_WARN_EMPTY_BODY = YES;
				CLANG_WARN_ENUM_CONVERSION = YES;
				CLANG_WARN_INFINITE_RECURSION = YES;
				CLANG_WARN_INT_CONVERSION = YES;
				CLANG_WARN_NON_LITERAL_NULL_CONVERSION = YES;
				CLANG_WARN_OBJC_IMPLICIT_RETAIN_SELF = YES;
				CLANG_WARN_OBJC_LITERAL_CONVERSION = YES;
				CLANG_WARN_OBJC_ROOT_CLASS = YES_ERROR;
				CLANG_WARN_RANGE_LOOP_ANALYSIS = YES;
				CLANG_WARN_STRICT_PROTOTYPES = YES;
				CLANG_WARN_SUSPICIOUS_MOVE = YES;
				CLANG_WARN_UNGUARDED_AVAILABILITY = YES_AGGRESSIVE;
				CLANG_WARN_UNREACHABLE_CODE = YES;
				CLANG_WARN__DUPLICATE_METHOD_MATCH = YES;
				CODE_SIGN_IDENTITY = "iPhone Developer";
				COPY_PHASE_STRIP = NO;
				DEBUG_INFORMATION_FORMAT = dwarf;
				ENABLE_STRICT_OBJC_MSGSEND = YES;
				ENABLE_TESTABILITY = YES;
				GCC_C_LANGUAGE_STANDARD = gnu11;
				GCC_DYNAMIC_NO_PIC = NO;
				GCC_NO_COMMON_BLOCKS = YES;
				GCC_OPTIMIZATION_LEVEL = 0;
				GCC_PREPROCESSOR_DEFINITIONS = (
					"DEBUG=1",
					"$(inherited)",
				);
				GCC_WARN_64_TO_32_BIT_CONVERSION = YES;
				GCC_WARN_ABOUT_RETURN_TYPE = YES_ERROR;
				GCC_WARN_UNDECLARED_SELECTOR = YES;
				GCC_WARN_UNINITIALIZED_AUTOS = YES_AGGRESSIVE;
				GCC_WARN_UNUSED_FUNCTION = YES;
				GCC_WARN_UNUSED_VARIABLE = YES;
				IPHONEOS_DEPLOYMENT_TARGET = 12.0;
				MTL_ENABLE_DEBUG_INFO = INCLUDE_SOURCE;
				MTL_FAST_MATH = YES;
				ONLY_ACTIVE_ARCH = YES;
				SDKROOT = iphoneos;
				SWIFT_ACTIVE_COMPILATION_CONDITIONS = DEBUG;
				SWIFT_OPTIMIZATION_LEVEL = "-Onone";
			};
			name = Debug;
		};
		7B52A1B4217B2861001028D8 /* Release */ = {
			isa = XCBuildConfiguration;
			buildSettings = {
				ALWAYS_SEARCH_USER_PATHS = NO;
				CLANG_ANALYZER_NONNULL = YES;
				CLANG_ANALYZER_NUMBER_OBJECT_CONVERSION = YES_AGGRESSIVE;
				CLANG_CXX_LANGUAGE_STANDARD = "gnu++14";
				CLANG_CXX_LIBRARY = "libc++";
				CLANG_ENABLE_MODULES = YES;
				CLANG_ENABLE_OBJC_ARC = YES;
				CLANG_ENABLE_OBJC_WEAK = YES;
				CLANG_WARN_BLOCK_CAPTURE_AUTORELEASING = YES;
				CLANG_WARN_BOOL_CONVERSION = YES;
				CLANG_WARN_COMMA = YES;
				CLANG_WARN_CONSTANT_CONVERSION = YES;
				CLANG_WARN_DEPRECATED_OBJC_IMPLEMENTATIONS = YES;
				CLANG_WARN_DIRECT_OBJC_ISA_USAGE = YES_ERROR;
				CLANG_WARN_DOCUMENTATION_COMMENTS = YES;
				CLANG_WARN_EMPTY_BODY = YES;
				CLANG_WARN_ENUM_CONVERSION = YES;
				CLANG_WARN_INFINITE_RECURSION = YES;
				CLANG_WARN_INT_CONVERSION = YES;
				CLANG_WARN_NON_LITERAL_NULL_CONVERSION = YES;
				CLANG_WARN_OBJC_IMPLICIT_RETAIN_SELF = YES;
				CLANG_WARN_OBJC_LITERAL_CONVERSION = YES;
				CLANG_WARN_OBJC_ROOT_CLASS = YES_ERROR;
				CLANG_WARN_RANGE_LOOP_ANALYSIS = YES;
				CLANG_WARN_STRICT_PROTOTYPES = YES;
				CLANG_WARN_SUSPICIOUS_MOVE = YES;
				CLANG_WARN_UNGUARDED_AVAILABILITY = YES_AGGRESSIVE;
				CLANG_WARN_UNREACHABLE_CODE = YES;
				CLANG_WARN__DUPLICATE_METHOD_MATCH = YES;
				CODE_SIGN_IDENTITY = "iPhone Developer";
				COPY_PHASE_STRIP = NO;
				DEBUG_INFORMATION_FORMAT = "dwarf-with-dsym";
				ENABLE_NS_ASSERTIONS = NO;
				ENABLE_STRICT_OBJC_MSGSEND = YES;
				GCC_C_LANGUAGE_STANDARD = gnu11;
				GCC_NO_COMMON_BLOCKS = YES;
				GCC_WARN_64_TO_32_BIT_CONVERSION = YES;
				GCC_WARN_ABOUT_RETURN_TYPE = YES_ERROR;
				GCC_WARN_UNDECLARED_SELECTOR = YES;
				GCC_WARN_UNINITIALIZED_AUTOS = YES_AGGRESSIVE;
				GCC_WARN_UNUSED_FUNCTION = YES;
				GCC_WARN_UNUSED_VARIABLE = YES;
				IPHONEOS_DEPLOYMENT_TARGET = 12.0;
				MTL_ENABLE_DEBUG_INFO = NO;
				MTL_FAST_MATH = YES;
				SDKROOT = iphoneos;
				SWIFT_COMPILATION_MODE = wholemodule;
				SWIFT_OPTIMIZATION_LEVEL = "-O";
				VALIDATE_PRODUCT = YES;
			};
			name = Release;
		};
		7B52A1B6217B2861001028D8 /* Debug */ = {
			isa = XCBuildConfiguration;
			buildSettings = {
				ASSETCATALOG_COMPILER_APPICON_NAME = AppIcon;
				CODE_SIGN_STYLE = Automatic;
				DEVELOPMENT_TEAM = 5P369B9Z7K;
				INFOPLIST_FILE = TVOnline/Info.plist;
				LD_RUNPATH_SEARCH_PATHS = (
					"$(inherited)",
					"@executable_path/Frameworks",
				);
				PRODUCT_BUNDLE_IDENTIFIER = com.nugumanovDmitry.TVOnline;
				PRODUCT_NAME = "$(TARGET_NAME)";
				SWIFT_VERSION = 4.2;
				TARGETED_DEVICE_FAMILY = "1,2";
			};
			name = Debug;
		};
		7B52A1B7217B2861001028D8 /* Release */ = {
			isa = XCBuildConfiguration;
			buildSettings = {
				ASSETCATALOG_COMPILER_APPICON_NAME = AppIcon;
				CODE_SIGN_STYLE = Automatic;
				DEVELOPMENT_TEAM = 5P369B9Z7K;
				INFOPLIST_FILE = TVOnline/Info.plist;
				LD_RUNPATH_SEARCH_PATHS = (
					"$(inherited)",
					"@executable_path/Frameworks",
				);
				PRODUCT_BUNDLE_IDENTIFIER = com.nugumanovDmitry.TVOnline;
				PRODUCT_NAME = "$(TARGET_NAME)";
				SWIFT_VERSION = 4.2;
				TARGETED_DEVICE_FAMILY = "1,2";
			};
			name = Release;
		};
/* End XCBuildConfiguration section */

/* Begin XCConfigurationList section */
		7B52A19E217B2860001028D8 /* Build configuration list for PBXProject "TVOnline" */ = {
			isa = XCConfigurationList;
			buildConfigurations = (
				7B52A1B3217B2861001028D8 /* Debug */,
				7B52A1B4217B2861001028D8 /* Release */,
			);
			defaultConfigurationIsVisible = 0;
			defaultConfigurationName = Debug;
		};
		7B52A1B5217B2861001028D8 /* Build configuration list for PBXNativeTarget "TVOnline" */ = {
			isa = XCConfigurationList;
			buildConfigurations = (
				7B52A1B6217B2861001028D8 /* Debug */,
				7B52A1B7217B2861001028D8 /* Release */,
			);
			defaultConfigurationIsVisible = 0;
			defaultConfigurationName = Debug;
		};
/* End XCConfigurationList section */
	};
	rootObject = 7B52A19B217B2860001028D8 /* Project object */;
}
